
Microsoft Visual Studio Solution File, Format Version 12.00
# Visual Studio Version 17
VisualStudioVersion = 17.8.34408.163
MinimumVisualStudioVersion = 10.0.40219.1
Project("{9A19103F-16F7-4668-BE54-9A1E7A4F7556}") = "LibraryManager", "LibraryManager\LibraryManager.csproj", "{CB4E7D04-5147-4C4D-932E-D1661A137A54}"
EndProject
Project("{9A19103F-16F7-4668-BE54-9A1E7A4F7556}") = "BusinessLayer", "BusinessLayer\BusinessLayer.csproj", "{12014882-1E9E-4D3A-A6FC-8FF9B06E138A}"
EndProject
Project("{9A19103F-16F7-4668-BE54-9A1E7A4F7556}") = "Services", "Services\Services.csproj", "{7205406C-17C9-4335-AA53-AA933F3BB1EB}"
EndProject
Project("{9A19103F-16F7-4668-BE54-9A1E7A4F7556}") = "BusinessObjects", "BusinessObjects\BusinessObjects.csproj", "{67D82CDE-F491-4585-B5AF-1025C9C248EB}"
EndProject
Project("{9A19103F-16F7-4668-BE54-9A1E7A4F7556}") = "DataAccessLayer", "DataAccessLayer\DataAccessLayer.csproj", "{7656B8B4-D57E-4126-B0FD-79B5AABE3D01}"
EndProject
Project("{FAE04EC0-301F-11D3-BF4B-00C04F79EFBC}") = "LibraryManager.Hosting", "LibraryManager.Hosting\LibraryManager.Hosting.csproj", "{FDEB9006-0889-404E-AE67-513FEACF3120}"
EndProject
Global
	GlobalSection(SolutionConfigurationPlatforms) = preSolution
		Debug|Any CPU = Debug|Any CPU
		Release|Any CPU = Release|Any CPU
	EndGlobalSection
	GlobalSection(ProjectConfigurationPlatforms) = postSolution
		{CB4E7D04-5147-4C4D-932E-D1661A137A54}.Debug|Any CPU.ActiveCfg = Debug|Any CPU
		{CB4E7D04-5147-4C4D-932E-D1661A137A54}.Debug|Any CPU.Build.0 = Debug|Any CPU
		{CB4E7D04-5147-4C4D-932E-D1661A137A54}.Release|Any CPU.ActiveCfg = Release|Any CPU
		{CB4E7D04-5147-4C4D-932E-D1661A137A54}.Release|Any CPU.Build.0 = Release|Any CPU
		{12014882-1E9E-4D3A-A6FC-8FF9B06E138A}.Debug|Any CPU.ActiveCfg = Debug|Any CPU
		{12014882-1E9E-4D3A-A6FC-8FF9B06E138A}.Debug|Any CPU.Build.0 = Debug|Any CPU
		{12014882-1E9E-4D3A-A6FC-8FF9B06E138A}.Release|Any CPU.ActiveCfg = Release|Any CPU
		{12014882-1E9E-4D3A-A6FC-8FF9B06E138A}.Release|Any CPU.Build.0 = Release|Any CPU
		{7205406C-17C9-4335-AA53-AA933F3BB1EB}.Debug|Any CPU.ActiveCfg = Debug|Any CPU
		{7205406C-17C9-4335-AA53-AA933F3BB1EB}.Debug|Any CPU.Build.0 = Debug|Any CPU
		{7205406C-17C9-4335-AA53-AA933F3BB1EB}.Release|Any CPU.ActiveCfg = Release|Any CPU
		{7205406C-17C9-4335-AA53-AA933F3BB1EB}.Release|Any CPU.Build.0 = Release|Any CPU
		{67D82CDE-F491-4585-B5AF-1025C9C248EB}.Debug|Any CPU.ActiveCfg = Debug|Any CPU
		{67D82CDE-F491-4585-B5AF-1025C9C248EB}.Debug|Any CPU.Build.0 = Debug|Any CPU
		{67D82CDE-F491-4585-B5AF-1025C9C248EB}.Release|Any CPU.ActiveCfg = Release|Any CPU
		{67D82CDE-F491-4585-B5AF-1025C9C248EB}.Release|Any CPU.Build.0 = Release|Any CPU
		{7656B8B4-D57E-4126-B0FD-79B5AABE3D01}.Debug|Any CPU.ActiveCfg = Debug|Any CPU
		{7656B8B4-D57E-4126-B0FD-79B5AABE3D01}.Debug|Any CPU.Build.0 = Debug|Any CPU
		{7656B8B4-D57E-4126-B0FD-79B5AABE3D01}.Release|Any CPU.ActiveCfg = Release|Any CPU
		{7656B8B4-D57E-4126-B0FD-79B5AABE3D01}.Release|Any CPU.Build.0 = Release|Any CPU
		{FDEB9006-0889-404E-AE67-513FEACF3120}.Debug|Any CPU.ActiveCfg = Debug|Any CPU
		{FDEB9006-0889-404E-AE67-513FEACF3120}.Debug|Any CPU.Build.0 = Debug|Any CPU
		{FDEB9006-0889-404E-AE67-513FEACF3120}.Release|Any CPU.ActiveCfg = Release|Any CPU
		{FDEB9006-0889-404E-AE67-513FEACF3120}.Release|Any CPU.Build.0 = Release|Any CPU
	EndGlobalSection
	GlobalSection(SolutionProperties) = preSolution
		HideSolutionNode = FALSE
	EndGlobalSection
	GlobalSection(ExtensibilityGlobals) = postSolution
		SolutionGuid = {72CF13F4-DD81-49BE-9BA8-BFC48D1E7BD7}
	EndGlobalSection
EndGlobal
