
Microsoft Visual Studio Solution File, Format Version 12.00
# Visual Studio Version 17
VisualStudioVersion = 17.8.34511.84
MinimumVisualStudioVersion = 10.0.40219.1
Project("{FAE04EC0-301F-11D3-BF4B-00C04F79EFBC}") = "BusinesLayer", "BusinesLayer\BusinesLayer.csproj", "{381C1065-7AFD-4A75-8917-CDB6D1308C69}"
EndProject
Global
	GlobalSection(SolutionConfigurationPlatforms) = preSolution
		Debug|Any CPU = Debug|Any CPU
		Release|Any CPU = Release|Any CPU
	EndGlobalSection
	GlobalSection(ProjectConfigurationPlatforms) = postSolution
		{381C1065-7AFD-4A75-8917-CDB6D1308C69}.Debug|Any CPU.ActiveCfg = Debug|Any CPU
		{381C1065-7AFD-4A75-8917-CDB6D1308C69}.Debug|Any CPU.Build.0 = Debug|Any CPU
		{381C1065-7AFD-4A75-8917-CDB6D1308C69}.Release|Any CPU.ActiveCfg = Release|Any CPU
		{381C1065-7AFD-4A75-8917-CDB6D1308C69}.Release|Any CPU.Build.0 = Release|Any CPU
	EndGlobalSection
	GlobalSection(SolutionProperties) = preSolution
		HideSolutionNode = FALSE
	EndGlobalSection
	GlobalSection(ExtensibilityGlobals) = postSolution
		SolutionGuid = {3D8BD7B6-2AB2-439D-855A-4844989CF779}
	EndGlobalSection
EndGlobal
