
Microsoft Visual Studio Solution File, Format Version 12.00
# Visual Studio Version 17
VisualStudioVersion = 17.8.34511.84
MinimumVisualStudioVersion = 10.0.40219.1
Project("{9A19103F-16F7-4668-BE54-9A1E7A4F7556}") = "LibraryManager", "LibraryManager\LibraryManager.csproj", "{260230D0-A86E-40E6-9FB4-F61D245A47C9}"
EndProject
Project("{9A19103F-16F7-4668-BE54-9A1E7A4F7556}") = "DataAccessLayer", "DataAccessLayer\DataAccessLayer.csproj", "{F477F3C2-CFA2-41A0-8DD2-43B6362E2329}"
EndProject
Project("{9A19103F-16F7-4668-BE54-9A1E7A4F7556}") = "BusinesLayer", "BusinesLayer\BusinesLayer.csproj", "{545E5AB2-0D91-446F-9A27-79B8F20AD4B8}"
EndProject
Project("{9A19103F-16F7-4668-BE54-9A1E7A4F7556}") = "Services", "Services\Services.csproj", "{09A3F67A-907A-45EF-BF03-DEBE6B1F1A14}"
EndProject
Project("{9A19103F-16F7-4668-BE54-9A1E7A4F7556}") = "BusinessObjects", "BusinessObjects\BusinessObjects.csproj", "{D590A4A5-91F5-41EB-873F-3C4A83973434}"
EndProject
Global
	GlobalSection(SolutionConfigurationPlatforms) = preSolution
		Debug|Any CPU = Debug|Any CPU
		Release|Any CPU = Release|Any CPU
	EndGlobalSection
	GlobalSection(ProjectConfigurationPlatforms) = postSolution
		{260230D0-A86E-40E6-9FB4-F61D245A47C9}.Debug|Any CPU.ActiveCfg = Debug|Any CPU
		{260230D0-A86E-40E6-9FB4-F61D245A47C9}.Debug|Any CPU.Build.0 = Debug|Any CPU
		{260230D0-A86E-40E6-9FB4-F61D245A47C9}.Release|Any CPU.ActiveCfg = Release|Any CPU
		{260230D0-A86E-40E6-9FB4-F61D245A47C9}.Release|Any CPU.Build.0 = Release|Any CPU
		{F477F3C2-CFA2-41A0-8DD2-43B6362E2329}.Debug|Any CPU.ActiveCfg = Debug|Any CPU
		{F477F3C2-CFA2-41A0-8DD2-43B6362E2329}.Debug|Any CPU.Build.0 = Debug|Any CPU
		{F477F3C2-CFA2-41A0-8DD2-43B6362E2329}.Release|Any CPU.ActiveCfg = Release|Any CPU
		{F477F3C2-CFA2-41A0-8DD2-43B6362E2329}.Release|Any CPU.Build.0 = Release|Any CPU
		{545E5AB2-0D91-446F-9A27-79B8F20AD4B8}.Debug|Any CPU.ActiveCfg = Debug|Any CPU
		{545E5AB2-0D91-446F-9A27-79B8F20AD4B8}.Debug|Any CPU.Build.0 = Debug|Any CPU
		{545E5AB2-0D91-446F-9A27-79B8F20AD4B8}.Release|Any CPU.ActiveCfg = Release|Any CPU
		{545E5AB2-0D91-446F-9A27-79B8F20AD4B8}.Release|Any CPU.Build.0 = Release|Any CPU
		{09A3F67A-907A-45EF-BF03-DEBE6B1F1A14}.Debug|Any CPU.ActiveCfg = Debug|Any CPU
		{09A3F67A-907A-45EF-BF03-DEBE6B1F1A14}.Debug|Any CPU.Build.0 = Debug|Any CPU
		{09A3F67A-907A-45EF-BF03-DEBE6B1F1A14}.Release|Any CPU.ActiveCfg = Release|Any CPU
		{09A3F67A-907A-45EF-BF03-DEBE6B1F1A14}.Release|Any CPU.Build.0 = Release|Any CPU
		{D590A4A5-91F5-41EB-873F-3C4A83973434}.Debug|Any CPU.ActiveCfg = Debug|Any CPU
		{D590A4A5-91F5-41EB-873F-3C4A83973434}.Debug|Any CPU.Build.0 = Debug|Any CPU
		{D590A4A5-91F5-41EB-873F-3C4A83973434}.Release|Any CPU.ActiveCfg = Release|Any CPU
		{D590A4A5-91F5-41EB-873F-3C4A83973434}.Release|Any CPU.Build.0 = Release|Any CPU
	EndGlobalSection
	GlobalSection(SolutionProperties) = preSolution
		HideSolutionNode = FALSE
	EndGlobalSection
	GlobalSection(ExtensibilityGlobals) = postSolution
		SolutionGuid = {A817B23F-B80A-4F58-B0B0-CB2F1B5F49E5}
	EndGlobalSection
EndGlobal
